
Microsoft Visual Studio Solution File, Format Version 12.00
# Visual Studio Version 17
VisualStudioVersion = 17.12.35514.174 d17.12
MinimumVisualStudioVersion = 10.0.40219.1
Project("{FAE04EC0-301F-11D3-BF4B-00C04F79EFBC}") = "SocialMediaApp", "SocialMediaApp\SocialMediaApp.csproj", "{ABBD0E30-2335-4567-AA1E-71C5A1AA9A3D}"
EndProject
Global
	GlobalSection(SolutionConfigurationPlatforms) = preSolution
		Debug|Any CPU = Debug|Any CPU
		Release|Any CPU = Release|Any CPU
	EndGlobalSection
	GlobalSection(ProjectConfigurationPlatforms) = postSolution
		{ABBD0E30-2335-4567-AA1E-71C5A1AA9A3D}.Debug|Any CPU.ActiveCfg = Debug|Any CPU
		{ABBD0E30-2335-4567-AA1E-71C5A1AA9A3D}.Debug|Any CPU.Build.0 = Debug|Any CPU
		{ABBD0E30-2335-4567-AA1E-71C5A1AA9A3D}.Release|Any CPU.ActiveCfg = Release|Any CPU
		{ABBD0E30-2335-4567-AA1E-71C5A1AA9A3D}.Release|Any CPU.Build.0 = Release|Any CPU
	EndGlobalSection
	GlobalSection(SolutionProperties) = preSolution
		HideSolutionNode = FALSE
	EndGlobalSection
EndGlobal
